
Microsoft Visual Studio Solution File, Format Version 12.00
# Visual Studio Version 16
VisualStudioVersion = 16.0.32602.291
MinimumVisualStudioVersion = 10.0.40219.1
Project("{FAE04EC0-301F-11D3-BF4B-00C04F79EFBC}") = "Lab_4", "Lab_4.csproj", "{528DDD5C-E3A2-4988-9D72-612A5B5902BE}"
EndProject
Global
	GlobalSection(SolutionConfigurationPlatforms) = preSolution
		Debug|Any CPU = Debug|Any CPU
		Release|Any CPU = Release|Any CPU
	EndGlobalSection
	GlobalSection(ProjectConfigurationPlatforms) = postSolution
		{528DDD5C-E3A2-4988-9D72-612A5B5902BE}.Debug|Any CPU.ActiveCfg = Debug|Any CPU
		{528DDD5C-E3A2-4988-9D72-612A5B5902BE}.Debug|Any CPU.Build.0 = Debug|Any CPU
		{528DDD5C-E3A2-4988-9D72-612A5B5902BE}.Release|Any CPU.ActiveCfg = Release|Any CPU
		{528DDD5C-E3A2-4988-9D72-612A5B5902BE}.Release|Any CPU.Build.0 = Release|Any CPU
	EndGlobalSection
	GlobalSection(SolutionProperties) = preSolution
		HideSolutionNode = FALSE
	EndGlobalSection
	GlobalSection(ExtensibilityGlobals) = postSolution
		SolutionGuid = {7FD7502F-72D2-4C3C-AFB1-0FD0985660C2}
	EndGlobalSection
EndGlobal
